
Microsoft Visual Studio Solution File, Format Version 12.00
# Visual Studio Version 17
VisualStudioVersion = 17.10.35122.118
MinimumVisualStudioVersion = 10.0.40219.1
Project("{FAE04EC0-301F-11D3-BF4B-00C04F79EFBC}") = "OthelloGameWPF", "OthelloGameWPF\OthelloGameWPF.csproj", "{75D3A5AB-4DC1-4BFD-8844-1EFBA1BF56CE}"
EndProject
Project("{FAE04EC0-301F-11D3-BF4B-00C04F79EFBC}") = "OthelloGameLogic", "OthelloGameLogic\OthelloGameLogic.csproj", "{D6F828EB-6AFD-431C-9CFD-A346B88DB6BF}"
EndProject
Global
	GlobalSection(SolutionConfigurationPlatforms) = preSolution
		Debug|Any CPU = Debug|Any CPU
		Release|Any CPU = Release|Any CPU
	EndGlobalSection
	GlobalSection(ProjectConfigurationPlatforms) = postSolution
		{75D3A5AB-4DC1-4BFD-8844-1EFBA1BF56CE}.Debug|Any CPU.ActiveCfg = Debug|Any CPU
		{75D3A5AB-4DC1-4BFD-8844-1EFBA1BF56CE}.Debug|Any CPU.Build.0 = Debug|Any CPU
		{75D3A5AB-4DC1-4BFD-8844-1EFBA1BF56CE}.Release|Any CPU.ActiveCfg = Release|Any CPU
		{75D3A5AB-4DC1-4BFD-8844-1EFBA1BF56CE}.Release|Any CPU.Build.0 = Release|Any CPU
		{D6F828EB-6AFD-431C-9CFD-A346B88DB6BF}.Debug|Any CPU.ActiveCfg = Debug|Any CPU
		{D6F828EB-6AFD-431C-9CFD-A346B88DB6BF}.Debug|Any CPU.Build.0 = Debug|Any CPU
		{D6F828EB-6AFD-431C-9CFD-A346B88DB6BF}.Release|Any CPU.ActiveCfg = Release|Any CPU
		{D6F828EB-6AFD-431C-9CFD-A346B88DB6BF}.Release|Any CPU.Build.0 = Release|Any CPU
	EndGlobalSection
	GlobalSection(SolutionProperties) = preSolution
		HideSolutionNode = FALSE
	EndGlobalSection
	GlobalSection(ExtensibilityGlobals) = postSolution
		SolutionGuid = {668AFD57-76B1-4036-A892-3BF6CD4673ED}
	EndGlobalSection
EndGlobal
